
Microsoft Visual Studio Solution File, Format Version 12.00
# Visual Studio 15
VisualStudioVersion = 15.0.27428.2015
MinimumVisualStudioVersion = 10.0.40219.1
Project("{FAE04EC0-301F-11D3-BF4B-00C04F79EFBC}") = "Net.S.2018.Zenovich.16", "Net.S.2018.Zenovich.16\Net.S.2018.Zenovich.16.csproj", "{5B0461B4-76B2-4C3B-AB9C-029D322BE176}"
EndProject
Project("{FAE04EC0-301F-11D3-BF4B-00C04F79EFBC}") = "Net.S.2018.Zenovich.16.App", "Net.S.2018.Zenovich.16.App\Net.S.2018.Zenovich.16.App.csproj", "{DDC43A34-C88A-466A-9D6A-49601A779945}"
EndProject
Global
	GlobalSection(SolutionConfigurationPlatforms) = preSolution
		Debug|Any CPU = Debug|Any CPU
		Release|Any CPU = Release|Any CPU
	EndGlobalSection
	GlobalSection(ProjectConfigurationPlatforms) = postSolution
		{5B0461B4-76B2-4C3B-AB9C-029D322BE176}.Debug|Any CPU.ActiveCfg = Debug|Any CPU
		{5B0461B4-76B2-4C3B-AB9C-029D322BE176}.Debug|Any CPU.Build.0 = Debug|Any CPU
		{5B0461B4-76B2-4C3B-AB9C-029D322BE176}.Release|Any CPU.ActiveCfg = Release|Any CPU
		{5B0461B4-76B2-4C3B-AB9C-029D322BE176}.Release|Any CPU.Build.0 = Release|Any CPU
		{DDC43A34-C88A-466A-9D6A-49601A779945}.Debug|Any CPU.ActiveCfg = Debug|Any CPU
		{DDC43A34-C88A-466A-9D6A-49601A779945}.Debug|Any CPU.Build.0 = Debug|Any CPU
		{DDC43A34-C88A-466A-9D6A-49601A779945}.Release|Any CPU.ActiveCfg = Release|Any CPU
		{DDC43A34-C88A-466A-9D6A-49601A779945}.Release|Any CPU.Build.0 = Release|Any CPU
	EndGlobalSection
	GlobalSection(SolutionProperties) = preSolution
		HideSolutionNode = FALSE
	EndGlobalSection
	GlobalSection(ExtensibilityGlobals) = postSolution
		SolutionGuid = {5A69FC4A-104B-4DDA-9C0E-8730A791E54D}
	EndGlobalSection
EndGlobal
